# This file is automatically @generated by Cargo.
# It is not intended for manual editing.
version = 3

[[package]]
name = "js_lexer"
version = "0.1.0"

[[package]]
name = "js_parser"
version = "0.1.0"
dependencies = [
 "js_lexer",
 "lr1_rs",
]

[[package]]
name = "lr1_rs"
version = "0.1.0"
dependencies = [
 "toy_lang_lexer",
]

[[package]]
name = "toy_lang_lexer"
version = "0.1.0"
